// !$*UTF8*$!
{
	archiveVersion = 1;
	classes = {
	};
	objectVersion = 51;
	objects = {

/* Begin PBXBuildFile section */
		2211AB50237EEAE80086C56F /* AppDelegate.swift in Sources */ = {isa = PBXBuildFile; fileRef = 2211AB4F237EEAE80086C56F /* AppDelegate.swift */; };
		2211AB56237EEAE90086C56F /* Assets.xcassets in Resources */ = {isa = PBXBuildFile; fileRef = 2211AB55237EEAE90086C56F /* Assets.xcassets */; };
		2211AB59237EEAE90086C56F /* Preview Assets.xcassets in Resources */ = {isa = PBXBuildFile; fileRef = 2211AB58237EEAE90086C56F /* Preview Assets.xcassets */; };
		2211AB5C237EEAE90086C56F /* LaunchScreen.storyboard in Resources */ = {isa = PBXBuildFile; fileRef = 2211AB5A237EEAE90086C56F /* LaunchScreen.storyboard */; };
		2211AB67237EEAE90086C56F /* BookShelfTests.swift in Sources */ = {isa = PBXBuildFile; fileRef = 2211AB66237EEAE90086C56F /* BookShelfTests.swift */; };
		2211AB84237EEB1A0086C56F /* BookDetailProtocol.swift in Sources */ = {isa = PBXBuildFile; fileRef = 2211AB74237EEB1A0086C56F /* BookDetailProtocol.swift */; };
		2211AB85237EEB1A0086C56F /* NewBooksProtocol.swift in Sources */ = {isa = PBXBuildFile; fileRef = 2211AB76237EEB1A0086C56F /* NewBooksProtocol.swift */; };
		2211AB86237EEB1A0086C56F /* SearchBooksProtocol.swift in Sources */ = {isa = PBXBuildFile; fileRef = 2211AB7A237EEB1A0086C56F /* SearchBooksProtocol.swift */; };
		2211AB87237EEB1A0086C56F /* MainTabBarController.swift in Sources */ = {isa = PBXBuildFile; fileRef = 2211AB7C237EEB1A0086C56F /* MainTabBarController.swift */; };
		2211AB88237EEB1A0086C56F /* String+Extensions.swift in Sources */ = {isa = PBXBuildFile; fileRef = 2211AB7E237EEB1A0086C56F /* String+Extensions.swift */; };
		2211AB89237EEB1A0086C56F /* Book.swift in Sources */ = {isa = PBXBuildFile; fileRef = 2211AB80237EEB1A0086C56F /* Book.swift */; };
		2211AB8A237EEB1A0086C56F /* Product.swift in Sources */ = {isa = PBXBuildFile; fileRef = 2211AB81237EEB1A0086C56F /* Product.swift */; };
		2211AB8F237EEB2A0086C56F /* NewBooksTests.swift in Sources */ = {isa = PBXBuildFile; fileRef = 2211AB8B237EEB2A0086C56F /* NewBooksTests.swift */; };
		2211AB90237EEB2A0086C56F /* StringExtentionTests.swift in Sources */ = {isa = PBXBuildFile; fileRef = 2211AB8C237EEB2A0086C56F /* StringExtentionTests.swift */; };
		2211AB91237EEB2A0086C56F /* BookTests.swift in Sources */ = {isa = PBXBuildFile; fileRef = 2211AB8D237EEB2A0086C56F /* BookTests.swift */; };
		2211AB92237EEB2A0086C56F /* SearchBooksTests.swift in Sources */ = {isa = PBXBuildFile; fileRef = 2211AB8E237EEB2A0086C56F /* SearchBooksTests.swift */; };
		2211AB94237EEFB10086C56F /* APIService.swift in Sources */ = {isa = PBXBuildFile; fileRef = 2211AB93237EEFB10086C56F /* APIService.swift */; };
		2211AB95237EF5330086C56F /* Book.swift in Sources */ = {isa = PBXBuildFile; fileRef = 2211AB80237EEB1A0086C56F /* Book.swift */; };
		2211AB96237EF5350086C56F /* Product.swift in Sources */ = {isa = PBXBuildFile; fileRef = 2211AB81237EEB1A0086C56F /* Product.swift */; };
		2211AB97237EF5420086C56F /* NewBooksProtocol.swift in Sources */ = {isa = PBXBuildFile; fileRef = 2211AB76237EEB1A0086C56F /* NewBooksProtocol.swift */; };
		2211AB98237EF5450086C56F /* SearchBooksProtocol.swift in Sources */ = {isa = PBXBuildFile; fileRef = 2211AB7A237EEB1A0086C56F /* SearchBooksProtocol.swift */; };
		2211AB99237EF5480086C56F /* BookDetailProtocol.swift in Sources */ = {isa = PBXBuildFile; fileRef = 2211AB74237EEB1A0086C56F /* BookDetailProtocol.swift */; };
		2211AB9A237EF5A70086C56F /* String+Extensions.swift in Sources */ = {isa = PBXBuildFile; fileRef = 2211AB7E237EEB1A0086C56F /* String+Extensions.swift */; };
		2211AB9C237EFCC10086C56F /* NewBooksPresenter.swift in Sources */ = {isa = PBXBuildFile; fileRef = 2211AB9B237EFCC10086C56F /* NewBooksPresenter.swift */; };
		2211AB9D237EFCC40086C56F /* NewBooksPresenter.swift in Sources */ = {isa = PBXBuildFile; fileRef = 2211AB9B237EFCC10086C56F /* NewBooksPresenter.swift */; };
		2211AB9F237EFCF10086C56F /* NewBooksInteractor.swift in Sources */ = {isa = PBXBuildFile; fileRef = 2211AB9E237EFCF10086C56F /* NewBooksInteractor.swift */; };
		2211ABA1237EFCF80086C56F /* NewBooksView.swift in Sources */ = {isa = PBXBuildFile; fileRef = 2211ABA0237EFCF80086C56F /* NewBooksView.swift */; };
		2211ABA3237EFD030086C56F /* NewBooksRouter.swift in Sources */ = {isa = PBXBuildFile; fileRef = 2211ABA2237EFD030086C56F /* NewBooksRouter.swift */; };
		2211ABA4237EFDE60086C56F /* NewBooksInteractor.swift in Sources */ = {isa = PBXBuildFile; fileRef = 2211AB9E237EFCF10086C56F /* NewBooksInteractor.swift */; };
		2211ABA5237EFDE90086C56F /* NewBooksView.swift in Sources */ = {isa = PBXBuildFile; fileRef = 2211ABA0237EFCF80086C56F /* NewBooksView.swift */; };
		2211ABA6237EFDEB0086C56F /* NewBooksRouter.swift in Sources */ = {isa = PBXBuildFile; fileRef = 2211ABA2237EFD030086C56F /* NewBooksRouter.swift */; };
		2211ABAC237F0ECC0086C56F /* BaseViewController.swift in Sources */ = {isa = PBXBuildFile; fileRef = 2211ABAB237F0ECC0086C56F /* BaseViewController.swift */; };
		2211ABAD237F130A0086C56F /* BaseViewController.swift in Sources */ = {isa = PBXBuildFile; fileRef = 2211ABAB237F0ECC0086C56F /* BaseViewController.swift */; };
		2211ABB0237F13340086C56F /* APIService.swift in Sources */ = {isa = PBXBuildFile; fileRef = 2211AB93237EEFB10086C56F /* APIService.swift */; };
		2211ABB2237F180E0086C56F /* BookTableViewCell.swift in Sources */ = {isa = PBXBuildFile; fileRef = 2211ABB1237F180D0086C56F /* BookTableViewCell.swift */; };
		2211ABB6237F243F0086C56F /* BookTableViewCell.swift in Sources */ = {isa = PBXBuildFile; fileRef = 2211ABB1237F180D0086C56F /* BookTableViewCell.swift */; };
		225297EF23841C7300946CD1 /* BookRequest.swift in Sources */ = {isa = PBXBuildFile; fileRef = 225297EE23841C7300946CD1 /* BookRequest.swift */; };
		225297F023841C7300946CD1 /* BookRequest.swift in Sources */ = {isa = PBXBuildFile; fileRef = 225297EE23841C7300946CD1 /* BookRequest.swift */; };
		225297F223841E3300946CD1 /* NoteRequest.swift in Sources */ = {isa = PBXBuildFile; fileRef = 225297F123841E3300946CD1 /* NoteRequest.swift */; };
		225297F323841E3300946CD1 /* NoteRequest.swift in Sources */ = {isa = PBXBuildFile; fileRef = 225297F123841E3300946CD1 /* NoteRequest.swift */; };
		225297F52384247800946CD1 /* NoticeController.swift in Sources */ = {isa = PBXBuildFile; fileRef = 225297F42384247800946CD1 /* NoticeController.swift */; };
		225297F62384247800946CD1 /* NoticeController.swift in Sources */ = {isa = PBXBuildFile; fileRef = 225297F42384247800946CD1 /* NoticeController.swift */; };
		2272FC8F238032AA005A00D3 /* UIView+Extensions.swift in Sources */ = {isa = PBXBuildFile; fileRef = 2272FC8E238032AA005A00D3 /* UIView+Extensions.swift */; };
		2272FC912380337E005A00D3 /* ZoomInOutAnimator.swift in Sources */ = {isa = PBXBuildFile; fileRef = 2272FC902380337E005A00D3 /* ZoomInOutAnimator.swift */; };
		2272FC9423805192005A00D3 /* currency.json in Resources */ = {isa = PBXBuildFile; fileRef = 2272FC9323805192005A00D3 /* currency.json */; };
		2272FC96238051A6005A00D3 /* Currency.swift in Sources */ = {isa = PBXBuildFile; fileRef = 2272FC95238051A6005A00D3 /* Currency.swift */; };
		2272FC97238051A6005A00D3 /* Currency.swift in Sources */ = {isa = PBXBuildFile; fileRef = 2272FC95238051A6005A00D3 /* Currency.swift */; };
		2272FC98238054EE005A00D3 /* BookDetailView.swift in Sources */ = {isa = PBXBuildFile; fileRef = 22B56C99237FBA5F00C430A9 /* BookDetailView.swift */; };
		2272FC99238054F1005A00D3 /* ZoomInOutAnimator.swift in Sources */ = {isa = PBXBuildFile; fileRef = 2272FC902380337E005A00D3 /* ZoomInOutAnimator.swift */; };
		2272FC9A23805510005A00D3 /* BookDetailPresenter.swift in Sources */ = {isa = PBXBuildFile; fileRef = 22B56C9B237FBA6700C430A9 /* BookDetailPresenter.swift */; };
		2272FC9B23805515005A00D3 /* BookDetailInteractor.swift in Sources */ = {isa = PBXBuildFile; fileRef = 22B56C9D237FBA7000C430A9 /* BookDetailInteractor.swift */; };
		2272FC9C23805517005A00D3 /* BookDetailRouter.swift in Sources */ = {isa = PBXBuildFile; fileRef = 22B56C9F237FBA7800C430A9 /* BookDetailRouter.swift */; };
		2272FC9D2380551C005A00D3 /* BookBasicCellModel.swift in Sources */ = {isa = PBXBuildFile; fileRef = 22A8BD582380204900E01CBD /* BookBasicCellModel.swift */; };
		2272FC9E2380551F005A00D3 /* BookDetailCellModel.swift in Sources */ = {isa = PBXBuildFile; fileRef = 22A8BD5623801FED00E01CBD /* BookDetailCellModel.swift */; };
		2272FC9F23805520005A00D3 /* BookDetailCellModel.swift in Sources */ = {isa = PBXBuildFile; fileRef = 22A8BD5623801FED00E01CBD /* BookDetailCellModel.swift */; };
		2272FCA023805522005A00D3 /* BookMiscCellModel.swift in Sources */ = {isa = PBXBuildFile; fileRef = 22A8BD5C2380240600E01CBD /* BookMiscCellModel.swift */; };
		2272FCA123805525005A00D3 /* BookBasicCell.swift in Sources */ = {isa = PBXBuildFile; fileRef = 22B56CA82380113500C430A9 /* BookBasicCell.swift */; };
		2272FCA223805528005A00D3 /* BookDetailCell.swift in Sources */ = {isa = PBXBuildFile; fileRef = 22B56CB023801BF100C430A9 /* BookDetailCell.swift */; };
		2272FCA32380552A005A00D3 /* BookMiscCell.swift in Sources */ = {isa = PBXBuildFile; fileRef = 22A8BD5A2380236500E01CBD /* BookMiscCell.swift */; };
		2272FCA42380554F005A00D3 /* BaseTableViewCell.swift in Sources */ = {isa = PBXBuildFile; fileRef = 22B56CAB2380117000C430A9 /* BaseTableViewCell.swift */; };
		2272FCA62380557D005A00D3 /* CustomTransforms.swift in Sources */ = {isa = PBXBuildFile; fileRef = 22A8BD5F238024AC00E01CBD /* CustomTransforms.swift */; };
		2272FCA723805584005A00D3 /* BookTableViewCellModel.swift in Sources */ = {isa = PBXBuildFile; fileRef = 22A8BD622380287800E01CBD /* BookTableViewCellModel.swift */; };
		2272FCA8238055F7005A00D3 /* currency.json in Resources */ = {isa = PBXBuildFile; fileRef = 2272FC9323805192005A00D3 /* currency.json */; };
		2272FCA9238055FE005A00D3 /* UIView+Extensions.swift in Sources */ = {isa = PBXBuildFile; fileRef = 2272FC8E238032AA005A00D3 /* UIView+Extensions.swift */; };
		227D3C5D23811A2800973E7B /* Note.swift in Sources */ = {isa = PBXBuildFile; fileRef = 227D3C5C23811A2800973E7B /* Note.swift */; };
		227D3C5F23811AD000973E7B /* DataStoreService.swift in Sources */ = {isa = PBXBuildFile; fileRef = 227D3C5E23811AD000973E7B /* DataStoreService.swift */; };
		227D3C6123811B5900973E7B /* DataSource.swift in Sources */ = {isa = PBXBuildFile; fileRef = 227D3C6023811B5900973E7B /* DataSource.swift */; };
		227D3C6323811B7600973E7B /* RealmDataSource.swift in Sources */ = {isa = PBXBuildFile; fileRef = 227D3C6223811B7600973E7B /* RealmDataSource.swift */; };
		227D3C6523811D1600973E7B /* Realm+Extensions.swift in Sources */ = {isa = PBXBuildFile; fileRef = 227D3C6423811D1600973E7B /* Realm+Extensions.swift */; };
		227D3C6723812C3900973E7B /* BookNoteCell.swift in Sources */ = {isa = PBXBuildFile; fileRef = 227D3C6623812C3900973E7B /* BookNoteCell.swift */; };
		227D3C6823812C3900973E7B /* BookNoteCell.swift in Sources */ = {isa = PBXBuildFile; fileRef = 227D3C6623812C3900973E7B /* BookNoteCell.swift */; };
		227D3C6A238151B100973E7B /* BaseObject.swift in Sources */ = {isa = PBXBuildFile; fileRef = 227D3C69238151B100973E7B /* BaseObject.swift */; };
		227D3C6B238151B100973E7B /* BaseObject.swift in Sources */ = {isa = PBXBuildFile; fileRef = 227D3C69238151B100973E7B /* BaseObject.swift */; };
		227D3C6C238167F200973E7B /* DataStoreService.swift in Sources */ = {isa = PBXBuildFile; fileRef = 227D3C5E23811AD000973E7B /* DataStoreService.swift */; };
		227D3C6D238167FB00973E7B /* Note.swift in Sources */ = {isa = PBXBuildFile; fileRef = 227D3C5C23811A2800973E7B /* Note.swift */; };
		227D3C6E238168C400973E7B /* DataSource.swift in Sources */ = {isa = PBXBuildFile; fileRef = 227D3C6023811B5900973E7B /* DataSource.swift */; };
		227D3C6F238168F300973E7B /* RealmDataSource.swift in Sources */ = {isa = PBXBuildFile; fileRef = 227D3C6223811B7600973E7B /* RealmDataSource.swift */; };
		227D3C702381698100973E7B /* Realm+Extensions.swift in Sources */ = {isa = PBXBuildFile; fileRef = 227D3C6423811D1600973E7B /* Realm+Extensions.swift */; };
		227D3C7223816B8200973E7B /* Rx+Extensions.swift in Sources */ = {isa = PBXBuildFile; fileRef = 227D3C7123816B8200973E7B /* Rx+Extensions.swift */; };
		227D3C7323816B8200973E7B /* Rx+Extensions.swift in Sources */ = {isa = PBXBuildFile; fileRef = 227D3C7123816B8200973E7B /* Rx+Extensions.swift */; };
		227D3C752381715F00973E7B /* SearchBooksView.swift in Sources */ = {isa = PBXBuildFile; fileRef = 227D3C742381715F00973E7B /* SearchBooksView.swift */; };
		227D3C762381715F00973E7B /* SearchBooksView.swift in Sources */ = {isa = PBXBuildFile; fileRef = 227D3C742381715F00973E7B /* SearchBooksView.swift */; };
		227D3C782381716900973E7B /* SearchBooksPresenter.swift in Sources */ = {isa = PBXBuildFile; fileRef = 227D3C772381716900973E7B /* SearchBooksPresenter.swift */; };
		227D3C792381716900973E7B /* SearchBooksPresenter.swift in Sources */ = {isa = PBXBuildFile; fileRef = 227D3C772381716900973E7B /* SearchBooksPresenter.swift */; };
		227D3C7B2381717600973E7B /* SearchBooksInteractor.swift in Sources */ = {isa = PBXBuildFile; fileRef = 227D3C7A2381717600973E7B /* SearchBooksInteractor.swift */; };
		227D3C7C2381717600973E7B /* SearchBooksInteractor.swift in Sources */ = {isa = PBXBuildFile; fileRef = 227D3C7A2381717600973E7B /* SearchBooksInteractor.swift */; };
		227D3C7E2381717E00973E7B /* SearchBooksRouter.swift in Sources */ = {isa = PBXBuildFile; fileRef = 227D3C7D2381717E00973E7B /* SearchBooksRouter.swift */; };
		227D3C7F2381717E00973E7B /* SearchBooksRouter.swift in Sources */ = {isa = PBXBuildFile; fileRef = 227D3C7D2381717E00973E7B /* SearchBooksRouter.swift */; };
		227D3C8423819F6E00973E7B /* UITableView+Extenions.swift in Sources */ = {isa = PBXBuildFile; fileRef = 227D3C8323819F6E00973E7B /* UITableView+Extenions.swift */; };
		227D3C8523819F6E00973E7B /* UITableView+Extenions.swift in Sources */ = {isa = PBXBuildFile; fileRef = 227D3C8323819F6E00973E7B /* UITableView+Extenions.swift */; };
		227D3C872381AF4700973E7B /* Alamofire+Extensions.swift in Sources */ = {isa = PBXBuildFile; fileRef = 227D3C862381AF4700973E7B /* Alamofire+Extensions.swift */; };
		227D3C882381AF4700973E7B /* Alamofire+Extensions.swift in Sources */ = {isa = PBXBuildFile; fileRef = 227D3C862381AF4700973E7B /* Alamofire+Extensions.swift */; };
		22A8BD592380204900E01CBD /* BookBasicCellModel.swift in Sources */ = {isa = PBXBuildFile; fileRef = 22A8BD582380204900E01CBD /* BookBasicCellModel.swift */; };
		22A8BD5B2380236500E01CBD /* BookMiscCell.swift in Sources */ = {isa = PBXBuildFile; fileRef = 22A8BD5A2380236500E01CBD /* BookMiscCell.swift */; };
		22A8BD5D2380240600E01CBD /* BookMiscCellModel.swift in Sources */ = {isa = PBXBuildFile; fileRef = 22A8BD5C2380240600E01CBD /* BookMiscCellModel.swift */; };
		22A8BD60238024AC00E01CBD /* CustomTransforms.swift in Sources */ = {isa = PBXBuildFile; fileRef = 22A8BD5F238024AC00E01CBD /* CustomTransforms.swift */; };
		22A8BD632380287800E01CBD /* BookTableViewCellModel.swift in Sources */ = {isa = PBXBuildFile; fileRef = 22A8BD622380287800E01CBD /* BookTableViewCellModel.swift */; };
		22B56C9A237FBA5F00C430A9 /* BookDetailView.swift in Sources */ = {isa = PBXBuildFile; fileRef = 22B56C99237FBA5F00C430A9 /* BookDetailView.swift */; };
		22B56C9C237FBA6700C430A9 /* BookDetailPresenter.swift in Sources */ = {isa = PBXBuildFile; fileRef = 22B56C9B237FBA6700C430A9 /* BookDetailPresenter.swift */; };
		22B56C9E237FBA7000C430A9 /* BookDetailInteractor.swift in Sources */ = {isa = PBXBuildFile; fileRef = 22B56C9D237FBA7000C430A9 /* BookDetailInteractor.swift */; };
		22B56CA0237FBA7800C430A9 /* BookDetailRouter.swift in Sources */ = {isa = PBXBuildFile; fileRef = 22B56C9F237FBA7800C430A9 /* BookDetailRouter.swift */; };
		22B56CA2237FBAD700C430A9 /* Errors.swift in Sources */ = {isa = PBXBuildFile; fileRef = 22B56CA1237FBAD700C430A9 /* Errors.swift */; };
		22B56CA3237FBAD700C430A9 /* Errors.swift in Sources */ = {isa = PBXBuildFile; fileRef = 22B56CA1237FBAD700C430A9 /* Errors.swift */; };
		22B56CA92380113500C430A9 /* BookBasicCell.swift in Sources */ = {isa = PBXBuildFile; fileRef = 22B56CA82380113500C430A9 /* BookBasicCell.swift */; };
		22B56CAC2380117000C430A9 /* BaseTableViewCell.swift in Sources */ = {isa = PBXBuildFile; fileRef = 22B56CAB2380117000C430A9 /* BaseTableViewCell.swift */; };
		22B56CB123801BF100C430A9 /* BookDetailCell.swift in Sources */ = {isa = PBXBuildFile; fileRef = 22B56CB023801BF100C430A9 /* BookDetailCell.swift */; };
		37242A5F108550BA26B91201 /* Pods_BookShelfTests.framework in Frameworks */ = {isa = PBXBuildFile; fileRef = 553202A0AEA2842451D519C2 /* Pods_BookShelfTests.framework */; };
		7A345484D2A3EC6BD7FDA0CB /* Pods_BookShelf.framework in Frameworks */ = {isa = PBXBuildFile; fileRef = F17C0630FBEFFDF7315745E3 /* Pods_BookShelf.framework */; };
/* End PBXBuildFile section */

/* Begin PBXContainerItemProxy section */
		2211AB63237EEAE90086C56F /* PBXContainerItemProxy */ = {
			isa = PBXContainerItemProxy;
			containerPortal = 2211AB44237EEAE80086C56F /* Project object */;
			proxyType = 1;
			remoteGlobalIDString = 2211AB4B237EEAE80086C56F;
			remoteInfo = BookShelf;
		};
/* End PBXContainerItemProxy section */

/* Begin PBXFileReference section */
		05479D542331190392FC0603 /* Pods-BookShelf.debug.xcconfig */ = {isa = PBXFileReference; includeInIndex = 1; lastKnownFileType = text.xcconfig; name = "Pods-BookShelf.debug.xcconfig"; path = "Target Support Files/Pods-BookShelf/Pods-BookShelf.debug.xcconfig"; sourceTree = "<group>"; };
		083BA54C6C9980F7AD4F1EB4 /* Pods-BookShelfTests.release.xcconfig */ = {isa = PBXFileReference; includeInIndex = 1; lastKnownFileType = text.xcconfig; name = "Pods-BookShelfTests.release.xcconfig"; path = "Target Support Files/Pods-BookShelfTests/Pods-BookShelfTests.release.xcconfig"; sourceTree = "<group>"; };
		2211AB4C237EEAE80086C56F /* BookShelf.app */ = {isa = PBXFileReference; explicitFileType = wrapper.application; includeInIndex = 0; path = BookShelf.app; sourceTree = BUILT_PRODUCTS_DIR; };
		2211AB4F237EEAE80086C56F /* AppDelegate.swift */ = {isa = PBXFileReference; lastKnownFileType = sourcecode.swift; path = AppDelegate.swift; sourceTree = "<group>"; };
		2211AB55237EEAE90086C56F /* Assets.xcassets */ = {isa = PBXFileReference; lastKnownFileType = folder.assetcatalog; path = Assets.xcassets; sourceTree = "<group>"; };
		2211AB58237EEAE90086C56F /* Preview Assets.xcassets */ = {isa = PBXFileReference; lastKnownFileType = folder.assetcatalog; path = "Preview Assets.xcassets"; sourceTree = "<group>"; };
		2211AB5B237EEAE90086C56F /* Base */ = {isa = PBXFileReference; lastKnownFileType = file.storyboard; name = Base; path = Base.lproj/LaunchScreen.storyboard; sourceTree = "<group>"; };
		2211AB5D237EEAE90086C56F /* Info.plist */ = {isa = PBXFileReference; lastKnownFileType = text.plist.xml; path = Info.plist; sourceTree = "<group>"; };
		2211AB62237EEAE90086C56F /* BookShelfTests.xctest */ = {isa = PBXFileReference; explicitFileType = wrapper.cfbundle; includeInIndex = 0; path = BookShelfTests.xctest; sourceTree = BUILT_PRODUCTS_DIR; };
		2211AB66237EEAE90086C56F /* BookShelfTests.swift */ = {isa = PBXFileReference; lastKnownFileType = sourcecode.swift; path = BookShelfTests.swift; sourceTree = "<group>"; };
		2211AB68237EEAE90086C56F /* Info.plist */ = {isa = PBXFileReference; lastKnownFileType = text.plist.xml; path = Info.plist; sourceTree = "<group>"; };
		2211AB74237EEB1A0086C56F /* BookDetailProtocol.swift */ = {isa = PBXFileReference; fileEncoding = 4; lastKnownFileType = sourcecode.swift; path = BookDetailProtocol.swift; sourceTree = "<group>"; };
		2211AB76237EEB1A0086C56F /* NewBooksProtocol.swift */ = {isa = PBXFileReference; fileEncoding = 4; lastKnownFileType = sourcecode.swift; path = NewBooksProtocol.swift; sourceTree = "<group>"; };
		2211AB7A237EEB1A0086C56F /* SearchBooksProtocol.swift */ = {isa = PBXFileReference; fileEncoding = 4; lastKnownFileType = sourcecode.swift; path = SearchBooksProtocol.swift; sourceTree = "<group>"; };
		2211AB7C237EEB1A0086C56F /* MainTabBarController.swift */ = {isa = PBXFileReference; fileEncoding = 4; lastKnownFileType = sourcecode.swift; path = MainTabBarController.swift; sourceTree = "<group>"; };
		2211AB7E237EEB1A0086C56F /* String+Extensions.swift */ = {isa = PBXFileReference; fileEncoding = 4; lastKnownFileType = sourcecode.swift; path = "String+Extensions.swift"; sourceTree = "<group>"; };
		2211AB80237EEB1A0086C56F /* Book.swift */ = {isa = PBXFileReference; fileEncoding = 4; lastKnownFileType = sourcecode.swift; path = Book.swift; sourceTree = "<group>"; };
		2211AB81237EEB1A0086C56F /* Product.swift */ = {isa = PBXFileReference; fileEncoding = 4; lastKnownFileType = sourcecode.swift; path = Product.swift; sourceTree = "<group>"; };
		2211AB8B237EEB2A0086C56F /* NewBooksTests.swift */ = {isa = PBXFileReference; fileEncoding = 4; lastKnownFileType = sourcecode.swift; path = NewBooksTests.swift; sourceTree = "<group>"; };
		2211AB8C237EEB2A0086C56F /* StringExtentionTests.swift */ = {isa = PBXFileReference; fileEncoding = 4; lastKnownFileType = sourcecode.swift; path = StringExtentionTests.swift; sourceTree = "<group>"; };
		2211AB8D237EEB2A0086C56F /* BookTests.swift */ = {isa = PBXFileReference; fileEncoding = 4; lastKnownFileType = sourcecode.swift; path = BookTests.swift; sourceTree = "<group>"; };
		2211AB8E237EEB2A0086C56F /* SearchBooksTests.swift */ = {isa = PBXFileReference; fileEncoding = 4; lastKnownFileType = sourcecode.swift; path = SearchBooksTests.swift; sourceTree = "<group>"; };
		2211AB93237EEFB10086C56F /* APIService.swift */ = {isa = PBXFileReference; lastKnownFileType = sourcecode.swift; path = APIService.swift; sourceTree = "<group>"; };
		2211AB9B237EFCC10086C56F /* NewBooksPresenter.swift */ = {isa = PBXFileReference; lastKnownFileType = sourcecode.swift; path = NewBooksPresenter.swift; sourceTree = "<group>"; };
		2211AB9E237EFCF10086C56F /* NewBooksInteractor.swift */ = {isa = PBXFileReference; lastKnownFileType = sourcecode.swift; path = NewBooksInteractor.swift; sourceTree = "<group>"; };
		2211ABA0237EFCF80086C56F /* NewBooksView.swift */ = {isa = PBXFileReference; lastKnownFileType = sourcecode.swift; path = NewBooksView.swift; sourceTree = "<group>"; };
		2211ABA2237EFD030086C56F /* NewBooksRouter.swift */ = {isa = PBXFileReference; lastKnownFileType = sourcecode.swift; path = NewBooksRouter.swift; sourceTree = "<group>"; };
		2211ABAB237F0ECC0086C56F /* BaseViewController.swift */ = {isa = PBXFileReference; lastKnownFileType = sourcecode.swift; path = BaseViewController.swift; sourceTree = "<group>"; };
		2211ABB1237F180D0086C56F /* BookTableViewCell.swift */ = {isa = PBXFileReference; fileEncoding = 4; lastKnownFileType = sourcecode.swift; path = BookTableViewCell.swift; sourceTree = "<group>"; };
		225297EE23841C7300946CD1 /* BookRequest.swift */ = {isa = PBXFileReference; lastKnownFileType = sourcecode.swift; path = BookRequest.swift; sourceTree = "<group>"; };
		225297F123841E3300946CD1 /* NoteRequest.swift */ = {isa = PBXFileReference; lastKnownFileType = sourcecode.swift; path = NoteRequest.swift; sourceTree = "<group>"; };
		225297F42384247800946CD1 /* NoticeController.swift */ = {isa = PBXFileReference; lastKnownFileType = sourcecode.swift; path = NoticeController.swift; sourceTree = "<group>"; };
		2272FC8E238032AA005A00D3 /* UIView+Extensions.swift */ = {isa = PBXFileReference; lastKnownFileType = sourcecode.swift; path = "UIView+Extensions.swift"; sourceTree = "<group>"; };
		2272FC902380337E005A00D3 /* ZoomInOutAnimator.swift */ = {isa = PBXFileReference; lastKnownFileType = sourcecode.swift; path = ZoomInOutAnimator.swift; sourceTree = "<group>"; };
		2272FC9323805192005A00D3 /* currency.json */ = {isa = PBXFileReference; lastKnownFileType = text.json; path = currency.json; sourceTree = "<group>"; };
		2272FC95238051A6005A00D3 /* Currency.swift */ = {isa = PBXFileReference; lastKnownFileType = sourcecode.swift; path = Currency.swift; sourceTree = "<group>"; };
		227D3C5C23811A2800973E7B /* Note.swift */ = {isa = PBXFileReference; lastKnownFileType = sourcecode.swift; path = Note.swift; sourceTree = "<group>"; };
		227D3C5E23811AD000973E7B /* DataStoreService.swift */ = {isa = PBXFileReference; lastKnownFileType = sourcecode.swift; path = DataStoreService.swift; sourceTree = "<group>"; };
		227D3C6023811B5900973E7B /* DataSource.swift */ = {isa = PBXFileReference; lastKnownFileType = sourcecode.swift; path = DataSource.swift; sourceTree = "<group>"; };
		227D3C6223811B7600973E7B /* RealmDataSource.swift */ = {isa = PBXFileReference; lastKnownFileType = sourcecode.swift; path = RealmDataSource.swift; sourceTree = "<group>"; };
		227D3C6423811D1600973E7B /* Realm+Extensions.swift */ = {isa = PBXFileReference; lastKnownFileType = sourcecode.swift; path = "Realm+Extensions.swift"; sourceTree = "<group>"; };
		227D3C6623812C3900973E7B /* BookNoteCell.swift */ = {isa = PBXFileReference; lastKnownFileType = sourcecode.swift; path = BookNoteCell.swift; sourceTree = "<group>"; };
		227D3C69238151B100973E7B /* BaseObject.swift */ = {isa = PBXFileReference; lastKnownFileType = sourcecode.swift; path = BaseObject.swift; sourceTree = "<group>"; };
		227D3C7123816B8200973E7B /* Rx+Extensions.swift */ = {isa = PBXFileReference; lastKnownFileType = sourcecode.swift; path = "Rx+Extensions.swift"; sourceTree = "<group>"; };
		227D3C742381715F00973E7B /* SearchBooksView.swift */ = {isa = PBXFileReference; lastKnownFileType = sourcecode.swift; path = SearchBooksView.swift; sourceTree = "<group>"; };
		227D3C772381716900973E7B /* SearchBooksPresenter.swift */ = {isa = PBXFileReference; lastKnownFileType = sourcecode.swift; path = SearchBooksPresenter.swift; sourceTree = "<group>"; };
		227D3C7A2381717600973E7B /* SearchBooksInteractor.swift */ = {isa = PBXFileReference; lastKnownFileType = sourcecode.swift; path = SearchBooksInteractor.swift; sourceTree = "<group>"; };
		227D3C7D2381717E00973E7B /* SearchBooksRouter.swift */ = {isa = PBXFileReference; lastKnownFileType = sourcecode.swift; path = SearchBooksRouter.swift; sourceTree = "<group>"; };
		227D3C8323819F6E00973E7B /* UITableView+Extenions.swift */ = {isa = PBXFileReference; lastKnownFileType = sourcecode.swift; path = "UITableView+Extenions.swift"; sourceTree = "<group>"; };
		227D3C862381AF4700973E7B /* Alamofire+Extensions.swift */ = {isa = PBXFileReference; lastKnownFileType = sourcecode.swift; path = "Alamofire+Extensions.swift"; sourceTree = "<group>"; };
		22A8BD5623801FED00E01CBD /* BookDetailCellModel.swift */ = {isa = PBXFileReference; lastKnownFileType = sourcecode.swift; path = BookDetailCellModel.swift; sourceTree = "<group>"; };
		22A8BD582380204900E01CBD /* BookBasicCellModel.swift */ = {isa = PBXFileReference; lastKnownFileType = sourcecode.swift; path = BookBasicCellModel.swift; sourceTree = "<group>"; };
		22A8BD5A2380236500E01CBD /* BookMiscCell.swift */ = {isa = PBXFileReference; lastKnownFileType = sourcecode.swift; path = BookMiscCell.swift; sourceTree = "<group>"; };
		22A8BD5C2380240600E01CBD /* BookMiscCellModel.swift */ = {isa = PBXFileReference; lastKnownFileType = sourcecode.swift; path = BookMiscCellModel.swift; sourceTree = "<group>"; };
		22A8BD5F238024AC00E01CBD /* CustomTransforms.swift */ = {isa = PBXFileReference; lastKnownFileType = sourcecode.swift; path = CustomTransforms.swift; sourceTree = "<group>"; };
		22A8BD622380287800E01CBD /* BookTableViewCellModel.swift */ = {isa = PBXFileReference; lastKnownFileType = sourcecode.swift; path = BookTableViewCellModel.swift; sourceTree = "<group>"; };
		22B56C99237FBA5F00C430A9 /* BookDetailView.swift */ = {isa = PBXFileReference; lastKnownFileType = sourcecode.swift; path = BookDetailView.swift; sourceTree = "<group>"; };
		22B56C9B237FBA6700C430A9 /* BookDetailPresenter.swift */ = {isa = PBXFileReference; lastKnownFileType = sourcecode.swift; path = BookDetailPresenter.swift; sourceTree = "<group>"; };
		22B56C9D237FBA7000C430A9 /* BookDetailInteractor.swift */ = {isa = PBXFileReference; lastKnownFileType = sourcecode.swift; path = BookDetailInteractor.swift; sourceTree = "<group>"; };
		22B56C9F237FBA7800C430A9 /* BookDetailRouter.swift */ = {isa = PBXFileReference; lastKnownFileType = sourcecode.swift; path = BookDetailRouter.swift; sourceTree = "<group>"; };
		22B56CA1237FBAD700C430A9 /* Errors.swift */ = {isa = PBXFileReference; lastKnownFileType = sourcecode.swift; path = Errors.swift; sourceTree = "<group>"; };
		22B56CA82380113500C430A9 /* BookBasicCell.swift */ = {isa = PBXFileReference; lastKnownFileType = sourcecode.swift; path = BookBasicCell.swift; sourceTree = "<group>"; };
		22B56CAB2380117000C430A9 /* BaseTableViewCell.swift */ = {isa = PBXFileReference; lastKnownFileType = sourcecode.swift; path = BaseTableViewCell.swift; sourceTree = "<group>"; };
		22B56CB023801BF100C430A9 /* BookDetailCell.swift */ = {isa = PBXFileReference; lastKnownFileType = sourcecode.swift; path = BookDetailCell.swift; sourceTree = "<group>"; };
		553202A0AEA2842451D519C2 /* Pods_BookShelfTests.framework */ = {isa = PBXFileReference; explicitFileType = wrapper.framework; includeInIndex = 0; path = Pods_BookShelfTests.framework; sourceTree = BUILT_PRODUCTS_DIR; };
		617E638418E114BB1CF7DC22 /* Pods-BookShelfTests.debug.xcconfig */ = {isa = PBXFileReference; includeInIndex = 1; lastKnownFileType = text.xcconfig; name = "Pods-BookShelfTests.debug.xcconfig"; path = "Target Support Files/Pods-BookShelfTests/Pods-BookShelfTests.debug.xcconfig"; sourceTree = "<group>"; };
		634C03443C53EF25F65BAE8A /* Pods-BookShelf.release.xcconfig */ = {isa = PBXFileReference; includeInIndex = 1; lastKnownFileType = text.xcconfig; name = "Pods-BookShelf.release.xcconfig"; path = "Target Support Files/Pods-BookShelf/Pods-BookShelf.release.xcconfig"; sourceTree = "<group>"; };
		F17C0630FBEFFDF7315745E3 /* Pods_BookShelf.framework */ = {isa = PBXFileReference; explicitFileType = wrapper.framework; includeInIndex = 0; path = Pods_BookShelf.framework; sourceTree = BUILT_PRODUCTS_DIR; };
/* End PBXFileReference section */

/* Begin PBXFrameworksBuildPhase section */
		2211AB49237EEAE80086C56F /* Frameworks */ = {
			isa = PBXFrameworksBuildPhase;
			buildActionMask = 2147483647;
			files = (
				7A345484D2A3EC6BD7FDA0CB /* Pods_BookShelf.framework in Frameworks */,
			);
			runOnlyForDeploymentPostprocessing = 0;
		};
		2211AB5F237EEAE90086C56F /* Frameworks */ = {
			isa = PBXFrameworksBuildPhase;
			buildActionMask = 2147483647;
			files = (
				37242A5F108550BA26B91201 /* Pods_BookShelfTests.framework in Frameworks */,
			);
			runOnlyForDeploymentPostprocessing = 0;
		};
/* End PBXFrameworksBuildPhase section */

/* Begin PBXGroup section */
		2211AB43237EEAE80086C56F = {
			isa = PBXGroup;
			children = (
				2211AB4E237EEAE80086C56F /* BookShelf */,
				2211AB65237EEAE90086C56F /* BookShelfTests */,
				2211AB4D237EEAE80086C56F /* Products */,
				83E92D639BA09D025F8FC135 /* Pods */,
				E63E419FC4D856D3B04F77D5 /* Frameworks */,
			);
			sourceTree = "<group>";
		};
		2211AB4D237EEAE80086C56F /* Products */ = {
			isa = PBXGroup;
			children = (
				2211AB4C237EEAE80086C56F /* BookShelf.app */,
				2211AB62237EEAE90086C56F /* BookShelfTests.xctest */,
			);
			name = Products;
			sourceTree = "<group>";
		};
		2211AB4E237EEAE80086C56F /* BookShelf */ = {
			isa = PBXGroup;
			children = (
				225297ED23841B7900946CD1 /* Requests */,
				2272FC922380517E005A00D3 /* Assets */,
				22A8BD5E2380247900E01CBD /* Utils */,
				22B56CA7237FC4BE00C430A9 /* Animations */,
				2211AB82237EEB1A0086C56F /* DataSources */,
				2211AB7D237EEB1A0086C56F /* Extensions */,
				2211AB7F237EEB1A0086C56F /* Models */,
				2211AB83237EEB1A0086C56F /* Services */,
				2211AB71237EEB1A0086C56F /* VIPER */,
				2211AB4F237EEAE80086C56F /* AppDelegate.swift */,
				2211AB55237EEAE90086C56F /* Assets.xcassets */,
				2211AB5A237EEAE90086C56F /* LaunchScreen.storyboard */,
				2211AB5D237EEAE90086C56F /* Info.plist */,
				2211AB57237EEAE90086C56F /* Preview Content */,
			);
			path = BookShelf;
			sourceTree = "<group>";
		};
		2211AB57237EEAE90086C56F /* Preview Content */ = {
			isa = PBXGroup;
			children = (
				2211AB58237EEAE90086C56F /* Preview Assets.xcassets */,
			);
			path = "Preview Content";
			sourceTree = "<group>";
		};
		2211AB65237EEAE90086C56F /* BookShelfTests */ = {
			isa = PBXGroup;
			children = (
				2211AB66237EEAE90086C56F /* BookShelfTests.swift */,
				2211AB68237EEAE90086C56F /* Info.plist */,
				2211AB8D237EEB2A0086C56F /* BookTests.swift */,
				2211AB8B237EEB2A0086C56F /* NewBooksTests.swift */,
				2211AB8E237EEB2A0086C56F /* SearchBooksTests.swift */,
				2211AB8C237EEB2A0086C56F /* StringExtentionTests.swift */,
			);
			path = BookShelfTests;
			sourceTree = "<group>";
		};
		2211AB71237EEB1A0086C56F /* VIPER */ = {
			isa = PBXGroup;
			children = (
				22B56CAA2380116000C430A9 /* Commons */,
				2211AB72237EEB1A0086C56F /* BookDetail */,
				2211AB75237EEB1A0086C56F /* NewBooks */,
				2211AB78237EEB1A0086C56F /* SearchBooks */,
				2211AB7B237EEB1A0086C56F /* Controllers */,
			);
			path = VIPER;
			sourceTree = "<group>";
		};
		2211AB72237EEB1A0086C56F /* BookDetail */ = {
			isa = PBXGroup;
			children = (
				22A8BD5523801FE100E01CBD /* Models */,
				2211AB73237EEB1A0086C56F /* Views */,
				2211AB74237EEB1A0086C56F /* BookDetailProtocol.swift */,
				22B56C99237FBA5F00C430A9 /* BookDetailView.swift */,
				22B56C9B237FBA6700C430A9 /* BookDetailPresenter.swift */,
				22B56C9D237FBA7000C430A9 /* BookDetailInteractor.swift */,
				22B56C9F237FBA7800C430A9 /* BookDetailRouter.swift */,
			);
			path = BookDetail;
			sourceTree = "<group>";
		};
		2211AB73237EEB1A0086C56F /* Views */ = {
			isa = PBXGroup;
			children = (
				22B56CA82380113500C430A9 /* BookBasicCell.swift */,
				22B56CB023801BF100C430A9 /* BookDetailCell.swift */,
				22A8BD5A2380236500E01CBD /* BookMiscCell.swift */,
				227D3C6623812C3900973E7B /* BookNoteCell.swift */,
			);
			path = Views;
			sourceTree = "<group>";
		};
		2211AB75237EEB1A0086C56F /* NewBooks */ = {
			isa = PBXGroup;
			children = (
				22A8BD612380286C00E01CBD /* Models */,
				2211AB77237EEB1A0086C56F /* Views */,
				2211AB76237EEB1A0086C56F /* NewBooksProtocol.swift */,
				2211ABA0237EFCF80086C56F /* NewBooksView.swift */,
				2211AB9B237EFCC10086C56F /* NewBooksPresenter.swift */,
				2211AB9E237EFCF10086C56F /* NewBooksInteractor.swift */,
				2211ABA2237EFD030086C56F /* NewBooksRouter.swift */,
			);
			path = NewBooks;
			sourceTree = "<group>";
		};
		2211AB77237EEB1A0086C56F /* Views */ = {
			isa = PBXGroup;
			children = (
				2211ABB1237F180D0086C56F /* BookTableViewCell.swift */,
			);
			path = Views;
			sourceTree = "<group>";
		};
		2211AB78237EEB1A0086C56F /* SearchBooks */ = {
			isa = PBXGroup;
			children = (
				2211AB79237EEB1A0086C56F /* Views */,
				2211AB7A237EEB1A0086C56F /* SearchBooksProtocol.swift */,
				227D3C742381715F00973E7B /* SearchBooksView.swift */,
				227D3C772381716900973E7B /* SearchBooksPresenter.swift */,
				227D3C7A2381717600973E7B /* SearchBooksInteractor.swift */,
				227D3C7D2381717E00973E7B /* SearchBooksRouter.swift */,
			);
			path = SearchBooks;
			sourceTree = "<group>";
		};
		2211AB79237EEB1A0086C56F /* Views */ = {
			isa = PBXGroup;
			children = (
			);
			path = Views;
			sourceTree = "<group>";
		};
		2211AB7B237EEB1A0086C56F /* Controllers */ = {
			isa = PBXGroup;
			children = (
				2211AB7C237EEB1A0086C56F /* MainTabBarController.swift */,
				2211ABAB237F0ECC0086C56F /* BaseViewController.swift */,
				225297F42384247800946CD1 /* NoticeController.swift */,
			);
			path = Controllers;
			sourceTree = "<group>";
		};
		2211AB7D237EEB1A0086C56F /* Extensions */ = {
			isa = PBXGroup;
			children = (
				2211AB7E237EEB1A0086C56F /* String+Extensions.swift */,
				2272FC8E238032AA005A00D3 /* UIView+Extensions.swift */,
				227D3C6423811D1600973E7B /* Realm+Extensions.swift */,
				227D3C7123816B8200973E7B /* Rx+Extensions.swift */,
				227D3C8323819F6E00973E7B /* UITableView+Extenions.swift */,
				227D3C862381AF4700973E7B /* Alamofire+Extensions.swift */,
			);
			path = Extensions;
			sourceTree = "<group>";
		};
		2211AB7F237EEB1A0086C56F /* Models */ = {
			isa = PBXGroup;
			children = (
				2211AB80237EEB1A0086C56F /* Book.swift */,
				2211AB81237EEB1A0086C56F /* Product.swift */,
				22B56CA1237FBAD700C430A9 /* Errors.swift */,
				2272FC95238051A6005A00D3 /* Currency.swift */,
				227D3C5C23811A2800973E7B /* Note.swift */,
				227D3C69238151B100973E7B /* BaseObject.swift */,
			);
			path = Models;
			sourceTree = "<group>";
		};
		2211AB82237EEB1A0086C56F /* DataSources */ = {
			isa = PBXGroup;
			children = (
				227D3C6023811B5900973E7B /* DataSource.swift */,
				227D3C6223811B7600973E7B /* RealmDataSource.swift */,
			);
			path = DataSources;
			sourceTree = "<group>";
		};
		2211AB83237EEB1A0086C56F /* Services */ = {
			isa = PBXGroup;
			children = (
				2211AB93237EEFB10086C56F /* APIService.swift */,
				227D3C5E23811AD000973E7B /* DataStoreService.swift */,
			);
			path = Services;
			sourceTree = "<group>";
		};
		225297ED23841B7900946CD1 /* Requests */ = {
			isa = PBXGroup;
			children = (
				225297EE23841C7300946CD1 /* BookRequest.swift */,
				225297F123841E3300946CD1 /* NoteRequest.swift */,
			);
			path = Requests;
			sourceTree = "<group>";
		};
		2272FC922380517E005A00D3 /* Assets */ = {
			isa = PBXGroup;
			children = (
				2272FC9323805192005A00D3 /* currency.json */,
			);
			path = Assets;
			sourceTree = "<group>";
		};
		22A8BD5523801FE100E01CBD /* Models */ = {
			isa = PBXGroup;
			children = (
				22A8BD582380204900E01CBD /* BookBasicCellModel.swift */,
				22A8BD5623801FED00E01CBD /* BookDetailCellModel.swift */,
				22A8BD5C2380240600E01CBD /* BookMiscCellModel.swift */,
			);
			path = Models;
			sourceTree = "<group>";
		};
		22A8BD5E2380247900E01CBD /* Utils */ = {
			isa = PBXGroup;
			children = (
				22A8BD5F238024AC00E01CBD /* CustomTransforms.swift */,
			);
			path = Utils;
			sourceTree = "<group>";
		};
		22A8BD612380286C00E01CBD /* Models */ = {
			isa = PBXGroup;
			children = (
				22A8BD622380287800E01CBD /* BookTableViewCellModel.swift */,
			);
			path = Models;
			sourceTree = "<group>";
		};
		22B56CA7237FC4BE00C430A9 /* Animations */ = {
			isa = PBXGroup;
			children = (
				2272FC902380337E005A00D3 /* ZoomInOutAnimator.swift */,
			);
			path = Animations;
			sourceTree = "<group>";
		};
		22B56CAA2380116000C430A9 /* Commons */ = {
			isa = PBXGroup;
			children = (
				22B56CAB2380117000C430A9 /* BaseTableViewCell.swift */,
			);
			path = Commons;
			sourceTree = "<group>";
		};
		83E92D639BA09D025F8FC135 /* Pods */ = {
			isa = PBXGroup;
			children = (
				05479D542331190392FC0603 /* Pods-BookShelf.debug.xcconfig */,
				634C03443C53EF25F65BAE8A /* Pods-BookShelf.release.xcconfig */,
				617E638418E114BB1CF7DC22 /* Pods-BookShelfTests.debug.xcconfig */,
				083BA54C6C9980F7AD4F1EB4 /* Pods-BookShelfTests.release.xcconfig */,
			);
			path = Pods;
			sourceTree = "<group>";
		};
		E63E419FC4D856D3B04F77D5 /* Frameworks */ = {
			isa = PBXGroup;
			children = (
				F17C0630FBEFFDF7315745E3 /* Pods_BookShelf.framework */,
				553202A0AEA2842451D519C2 /* Pods_BookShelfTests.framework */,
			);
			name = Frameworks;
			sourceTree = "<group>";
		};
/* End PBXGroup section */

/* Begin PBXNativeTarget section */
		2211AB4B237EEAE80086C56F /* BookShelf */ = {
			isa = PBXNativeTarget;
			buildConfigurationList = 2211AB6B237EEAE90086C56F /* Build configuration list for PBXNativeTarget "BookShelf" */;
			buildPhases = (
				12E5CE18A0C7CE731D3232AF /* [CP] Check Pods Manifest.lock */,
				2211AB48237EEAE80086C56F /* Sources */,
				2211AB49237EEAE80086C56F /* Frameworks */,
				2211AB4A237EEAE80086C56F /* Resources */,
				B04D487E337B6B11F53D3056 /* [CP] Embed Pods Frameworks */,
			);
			buildRules = (
			);
			dependencies = (
			);
			name = BookShelf;
			productName = BookShelf;
			productReference = 2211AB4C237EEAE80086C56F /* BookShelf.app */;
			productType = "com.apple.product-type.application";
		};
		2211AB61237EEAE90086C56F /* BookShelfTests */ = {
			isa = PBXNativeTarget;
			buildConfigurationList = 2211AB6E237EEAE90086C56F /* Build configuration list for PBXNativeTarget "BookShelfTests" */;
			buildPhases = (
				2445F3387A16FA33C1B3F9C6 /* [CP] Check Pods Manifest.lock */,
				2211AB5E237EEAE90086C56F /* Sources */,
				2211AB5F237EEAE90086C56F /* Frameworks */,
				2211AB60237EEAE90086C56F /* Resources */,
				B50C13215388D3ADE35162F4 /* [CP] Embed Pods Frameworks */,
			);
			buildRules = (
			);
			dependencies = (
				2211AB64237EEAE90086C56F /* PBXTargetDependency */,
			);
			name = BookShelfTests;
			productName = BookShelfTests;
			productReference = 2211AB62237EEAE90086C56F /* BookShelfTests.xctest */;
			productType = "com.apple.product-type.bundle.unit-test";
		};
/* End PBXNativeTarget section */

/* Begin PBXProject section */
		2211AB44237EEAE80086C56F /* Project object */ = {
			isa = PBXProject;
			attributes = {
				LastSwiftUpdateCheck = 1120;
				LastUpgradeCheck = 1120;
				ORGANIZATIONNAME = intoxicated;
				TargetAttributes = {
					2211AB4B237EEAE80086C56F = {
						CreatedOnToolsVersion = 11.2;
					};
					2211AB61237EEAE90086C56F = {
						CreatedOnToolsVersion = 11.2;
						TestTargetID = 2211AB4B237EEAE80086C56F;
					};
				};
			};
			buildConfigurationList = 2211AB47237EEAE80086C56F /* Build configuration list for PBXProject "BookShelf" */;
			compatibilityVersion = "Xcode 9.3";
			developmentRegion = en;
			hasScannedForEncodings = 0;
			knownRegions = (
				en,
				Base,
			);
			mainGroup = 2211AB43237EEAE80086C56F;
			productRefGroup = 2211AB4D237EEAE80086C56F /* Products */;
			projectDirPath = "";
			projectRoot = "";
			targets = (
				2211AB4B237EEAE80086C56F /* BookShelf */,
				2211AB61237EEAE90086C56F /* BookShelfTests */,
			);
		};
/* End PBXProject section */

/* Begin PBXResourcesBuildPhase section */
		2211AB4A237EEAE80086C56F /* Resources */ = {
			isa = PBXResourcesBuildPhase;
			buildActionMask = 2147483647;
			files = (
				2272FC9423805192005A00D3 /* currency.json in Resources */,
				2211AB5C237EEAE90086C56F /* LaunchScreen.storyboard in Resources */,
				2211AB59237EEAE90086C56F /* Preview Assets.xcassets in Resources */,
				2211AB56237EEAE90086C56F /* Assets.xcassets in Resources */,
			);
			runOnlyForDeploymentPostprocessing = 0;
		};
		2211AB60237EEAE90086C56F /* Resources */ = {
			isa = PBXResourcesBuildPhase;
			buildActionMask = 2147483647;
			files = (
				2272FCA8238055F7005A00D3 /* currency.json in Resources */,
			);
			runOnlyForDeploymentPostprocessing = 0;
		};
/* End PBXResourcesBuildPhase section */

/* Begin PBXShellScriptBuildPhase section */
		12E5CE18A0C7CE731D3232AF /* [CP] Check Pods Manifest.lock */ = {
			isa = PBXShellScriptBuildPhase;
			buildActionMask = 2147483647;
			files = (
			);
			inputFileListPaths = (
			);
			inputPaths = (
				"${PODS_PODFILE_DIR_PATH}/Podfile.lock",
				"${PODS_ROOT}/Manifest.lock",
			);
			name = "[CP] Check Pods Manifest.lock";
			outputFileListPaths = (
			);
			outputPaths = (
				"$(DERIVED_FILE_DIR)/Pods-BookShelf-checkManifestLockResult.txt",
			);
			runOnlyForDeploymentPostprocessing = 0;
			shellPath = /bin/sh;
			shellScript = "diff \"${PODS_PODFILE_DIR_PATH}/Podfile.lock\" \"${PODS_ROOT}/Manifest.lock\" > /dev/null\nif [ $? != 0 ] ; then\n    # print error to STDERR\n    echo \"error: The sandbox is not in sync with the Podfile.lock. Run 'pod install' or update your CocoaPods installation.\" >&2\n    exit 1\nfi\n# This output is used by Xcode 'outputs' to avoid re-running this script phase.\necho \"SUCCESS\" > \"${SCRIPT_OUTPUT_FILE_0}\"\n";
			showEnvVarsInLog = 0;
		};
		2445F3387A16FA33C1B3F9C6 /* [CP] Check Pods Manifest.lock */ = {
			isa = PBXShellScriptBuildPhase;
			buildActionMask = 2147483647;
			files = (
			);
			inputFileListPaths = (
			);
			inputPaths = (
				"${PODS_PODFILE_DIR_PATH}/Podfile.lock",
				"${PODS_ROOT}/Manifest.lock",
			);
			name = "[CP] Check Pods Manifest.lock";
			outputFileListPaths = (
			);
			outputPaths = (
				"$(DERIVED_FILE_DIR)/Pods-BookShelfTests-checkManifestLockResult.txt",
			);
			runOnlyForDeploymentPostprocessing = 0;
			shellPath = /bin/sh;
			shellScript = "diff \"${PODS_PODFILE_DIR_PATH}/Podfile.lock\" \"${PODS_ROOT}/Manifest.lock\" > /dev/null\nif [ $? != 0 ] ; then\n    # print error to STDERR\n    echo \"error: The sandbox is not in sync with the Podfile.lock. Run 'pod install' or update your CocoaPods installation.\" >&2\n    exit 1\nfi\n# This output is used by Xcode 'outputs' to avoid re-running this script phase.\necho \"SUCCESS\" > \"${SCRIPT_OUTPUT_FILE_0}\"\n";
			showEnvVarsInLog = 0;
		};
		B04D487E337B6B11F53D3056 /* [CP] Embed Pods Frameworks */ = {
			isa = PBXShellScriptBuildPhase;
			buildActionMask = 2147483647;
			files = (
			);
			inputFileListPaths = (
				"${PODS_ROOT}/Target Support Files/Pods-BookShelf/Pods-BookShelf-frameworks-${CONFIGURATION}-input-files.xcfilelist",
			);
			name = "[CP] Embed Pods Frameworks";
			outputFileListPaths = (
				"${PODS_ROOT}/Target Support Files/Pods-BookShelf/Pods-BookShelf-frameworks-${CONFIGURATION}-output-files.xcfilelist",
			);
			runOnlyForDeploymentPostprocessing = 0;
			shellPath = /bin/sh;
			shellScript = "\"${PODS_ROOT}/Target Support Files/Pods-BookShelf/Pods-BookShelf-frameworks.sh\"\n";
			showEnvVarsInLog = 0;
		};
		B50C13215388D3ADE35162F4 /* [CP] Embed Pods Frameworks */ = {
			isa = PBXShellScriptBuildPhase;
			buildActionMask = 2147483647;
			files = (
			);
			inputFileListPaths = (
				"${PODS_ROOT}/Target Support Files/Pods-BookShelfTests/Pods-BookShelfTests-frameworks-${CONFIGURATION}-input-files.xcfilelist",
			);
			name = "[CP] Embed Pods Frameworks";
			outputFileListPaths = (
				"${PODS_ROOT}/Target Support Files/Pods-BookShelfTests/Pods-BookShelfTests-frameworks-${CONFIGURATION}-output-files.xcfilelist",
			);
			runOnlyForDeploymentPostprocessing = 0;
			shellPath = /bin/sh;
			shellScript = "\"${PODS_ROOT}/Target Support Files/Pods-BookShelfTests/Pods-BookShelfTests-frameworks.sh\"\n";
			showEnvVarsInLog = 0;
		};
/* End PBXShellScriptBuildPhase section */

/* Begin PBXSourcesBuildPhase section */
		2211AB48237EEAE80086C56F /* Sources */ = {
			isa = PBXSourcesBuildPhase;
			buildActionMask = 2147483647;
			files = (
				227D3C8423819F6E00973E7B /* UITableView+Extenions.swift in Sources */,
				22A8BD5B2380236500E01CBD /* BookMiscCell.swift in Sources */,
				2211ABA1237EFCF80086C56F /* NewBooksView.swift in Sources */,
				2211ABB2237F180E0086C56F /* BookTableViewCell.swift in Sources */,
				2272FC9E2380551F005A00D3 /* BookDetailCellModel.swift in Sources */,
				22A8BD592380204900E01CBD /* BookBasicCellModel.swift in Sources */,
				227D3C5F23811AD000973E7B /* DataStoreService.swift in Sources */,
				227D3C7B2381717600973E7B /* SearchBooksInteractor.swift in Sources */,
				2211AB9F237EFCF10086C56F /* NewBooksInteractor.swift in Sources */,
				2211AB9C237EFCC10086C56F /* NewBooksPresenter.swift in Sources */,
				2211AB50237EEAE80086C56F /* AppDelegate.swift in Sources */,
				225297F223841E3300946CD1 /* NoteRequest.swift in Sources */,
				22A8BD60238024AC00E01CBD /* CustomTransforms.swift in Sources */,
				22B56CA0237FBA7800C430A9 /* BookDetailRouter.swift in Sources */,
				227D3C752381715F00973E7B /* SearchBooksView.swift in Sources */,
				227D3C7223816B8200973E7B /* Rx+Extensions.swift in Sources */,
				227D3C6123811B5900973E7B /* DataSource.swift in Sources */,
				2211ABA3237EFD030086C56F /* NewBooksRouter.swift in Sources */,
				2211AB8A237EEB1A0086C56F /* Product.swift in Sources */,
				22B56C9C237FBA6700C430A9 /* BookDetailPresenter.swift in Sources */,
				2272FC8F238032AA005A00D3 /* UIView+Extensions.swift in Sources */,
				2211AB85237EEB1A0086C56F /* NewBooksProtocol.swift in Sources */,
				22B56C9A237FBA5F00C430A9 /* BookDetailView.swift in Sources */,
				22A8BD632380287800E01CBD /* BookTableViewCellModel.swift in Sources */,
				22B56C9E237FBA7000C430A9 /* BookDetailInteractor.swift in Sources */,
				227D3C6723812C3900973E7B /* BookNoteCell.swift in Sources */,
				22B56CA92380113500C430A9 /* BookBasicCell.swift in Sources */,
				2211AB89237EEB1A0086C56F /* Book.swift in Sources */,
				2272FC96238051A6005A00D3 /* Currency.swift in Sources */,
				227D3C7E2381717E00973E7B /* SearchBooksRouter.swift in Sources */,
				2272FC912380337E005A00D3 /* ZoomInOutAnimator.swift in Sources */,
				2211AB87237EEB1A0086C56F /* MainTabBarController.swift in Sources */,
				22B56CB123801BF100C430A9 /* BookDetailCell.swift in Sources */,
				2211AB86237EEB1A0086C56F /* SearchBooksProtocol.swift in Sources */,
				2211AB88237EEB1A0086C56F /* String+Extensions.swift in Sources */,
				227D3C782381716900973E7B /* SearchBooksPresenter.swift in Sources */,
				227D3C6323811B7600973E7B /* RealmDataSource.swift in Sources */,
				225297F52384247800946CD1 /* NoticeController.swift in Sources */,
				227D3C872381AF4700973E7B /* Alamofire+Extensions.swift in Sources */,
				227D3C6523811D1600973E7B /* Realm+Extensions.swift in Sources */,
				225297EF23841C7300946CD1 /* BookRequest.swift in Sources */,
				22B56CA2237FBAD700C430A9 /* Errors.swift in Sources */,
				227D3C6A238151B100973E7B /* BaseObject.swift in Sources */,
				2211AB94237EEFB10086C56F /* APIService.swift in Sources */,
				22B56CAC2380117000C430A9 /* BaseTableViewCell.swift in Sources */,
				227D3C5D23811A2800973E7B /* Note.swift in Sources */,
				22A8BD5D2380240600E01CBD /* BookMiscCellModel.swift in Sources */,
				2211ABAC237F0ECC0086C56F /* BaseViewController.swift in Sources */,
				2211AB84237EEB1A0086C56F /* BookDetailProtocol.swift in Sources */,
			);
			runOnlyForDeploymentPostprocessing = 0;
		};
		2211AB5E237EEAE90086C56F /* Sources */ = {
			isa = PBXSourcesBuildPhase;
			buildActionMask = 2147483647;
			files = (
				2211ABA5237EFDE90086C56F /* NewBooksView.swift in Sources */,
				227D3C882381AF4700973E7B /* Alamofire+Extensions.swift in Sources */,
				2211ABB6237F243F0086C56F /* BookTableViewCell.swift in Sources */,
				227D3C7323816B8200973E7B /* Rx+Extensions.swift in Sources */,
				2272FC9A23805510005A00D3 /* BookDetailPresenter.swift in Sources */,
				227D3C792381716900973E7B /* SearchBooksPresenter.swift in Sources */,
				225297F023841C7300946CD1 /* BookRequest.swift in Sources */,
				2211ABB0237F13340086C56F /* APIService.swift in Sources */,
				2211AB91237EEB2A0086C56F /* BookTests.swift in Sources */,
				227D3C6D238167FB00973E7B /* Note.swift in Sources */,
				2272FC9F23805520005A00D3 /* BookDetailCellModel.swift in Sources */,
				2211ABA6237EFDEB0086C56F /* NewBooksRouter.swift in Sources */,
				2272FCA9238055FE005A00D3 /* UIView+Extensions.swift in Sources */,
				2211ABA4237EFDE60086C56F /* NewBooksInteractor.swift in Sources */,
				2272FCA62380557D005A00D3 /* CustomTransforms.swift in Sources */,
				2272FCA32380552A005A00D3 /* BookMiscCell.swift in Sources */,
				2211AB9A237EF5A70086C56F /* String+Extensions.swift in Sources */,
				225297F323841E3300946CD1 /* NoteRequest.swift in Sources */,
				227D3C8523819F6E00973E7B /* UITableView+Extenions.swift in Sources */,
				227D3C7C2381717600973E7B /* SearchBooksInteractor.swift in Sources */,
				22B56CA3237FBAD700C430A9 /* Errors.swift in Sources */,
				227D3C6C238167F200973E7B /* DataStoreService.swift in Sources */,
				2272FC9D2380551C005A00D3 /* BookBasicCellModel.swift in Sources */,
				227D3C6B238151B100973E7B /* BaseObject.swift in Sources */,
				2211AB67237EEAE90086C56F /* BookShelfTests.swift in Sources */,
				2272FCA723805584005A00D3 /* BookTableViewCellModel.swift in Sources */,
				2272FC99238054F1005A00D3 /* ZoomInOutAnimator.swift in Sources */,
				227D3C7F2381717E00973E7B /* SearchBooksRouter.swift in Sources */,
				2211AB95237EF5330086C56F /* Book.swift in Sources */,
				2211AB97237EF5420086C56F /* NewBooksProtocol.swift in Sources */,
				227D3C762381715F00973E7B /* SearchBooksView.swift in Sources */,
				2272FCA42380554F005A00D3 /* BaseTableViewCell.swift in Sources */,
				2272FCA223805528005A00D3 /* BookDetailCell.swift in Sources */,
				227D3C6F238168F300973E7B /* RealmDataSource.swift in Sources */,
				227D3C702381698100973E7B /* Realm+Extensions.swift in Sources */,
				2211AB90237EEB2A0086C56F /* StringExtentionTests.swift in Sources */,
				227D3C6823812C3900973E7B /* BookNoteCell.swift in Sources */,
				2272FCA123805525005A00D3 /* BookBasicCell.swift in Sources */,
				2211AB9D237EFCC40086C56F /* NewBooksPresenter.swift in Sources */,
				2272FC98238054EE005A00D3 /* BookDetailView.swift in Sources */,
				2272FCA023805522005A00D3 /* BookMiscCellModel.swift in Sources */,
				2211AB8F237EEB2A0086C56F /* NewBooksTests.swift in Sources */,
				2211AB92237EEB2A0086C56F /* SearchBooksTests.swift in Sources */,
				225297F62384247800946CD1 /* NoticeController.swift in Sources */,
				2211AB98237EF5450086C56F /* SearchBooksProtocol.swift in Sources */,
				2272FC97238051A6005A00D3 /* Currency.swift in Sources */,
				2211ABAD237F130A0086C56F /* BaseViewController.swift in Sources */,
				2211AB96237EF5350086C56F /* Product.swift in Sources */,
				2272FC9B23805515005A00D3 /* BookDetailInteractor.swift in Sources */,
				2211AB99237EF5480086C56F /* BookDetailProtocol.swift in Sources */,
				227D3C6E238168C400973E7B /* DataSource.swift in Sources */,
				2272FC9C23805517005A00D3 /* BookDetailRouter.swift in Sources */,
			);
			runOnlyForDeploymentPostprocessing = 0;
		};
/* End PBXSourcesBuildPhase section */

/* Begin PBXTargetDependency section */
		2211AB64237EEAE90086C56F /* PBXTargetDependency */ = {
			isa = PBXTargetDependency;
			target = 2211AB4B237EEAE80086C56F /* BookShelf */;
			targetProxy = 2211AB63237EEAE90086C56F /* PBXContainerItemProxy */;
		};
/* End PBXTargetDependency section */

/* Begin PBXVariantGroup section */
		2211AB5A237EEAE90086C56F /* LaunchScreen.storyboard */ = {
			isa = PBXVariantGroup;
			children = (
				2211AB5B237EEAE90086C56F /* Base */,
			);
			name = LaunchScreen.storyboard;
			sourceTree = "<group>";
		};
/* End PBXVariantGroup section */

/* Begin XCBuildConfiguration section */
		2211AB69237EEAE90086C56F /* Debug */ = {
			isa = XCBuildConfiguration;
			buildSettings = {
				ALWAYS_SEARCH_USER_PATHS = NO;
				CLANG_ANALYZER_NONNULL = YES;
				CLANG_ANALYZER_NUMBER_OBJECT_CONVERSION = YES_AGGRESSIVE;
				CLANG_CXX_LANGUAGE_STANDARD = "gnu++14";
				CLANG_CXX_LIBRARY = "libc++";
				CLANG_ENABLE_MODULES = YES;
				CLANG_ENABLE_OBJC_ARC = YES;
				CLANG_ENABLE_OBJC_WEAK = YES;
				CLANG_WARN_BLOCK_CAPTURE_AUTORELEASING = YES;
				CLANG_WARN_BOOL_CONVERSION = YES;
				CLANG_WARN_COMMA = YES;
				CLANG_WARN_CONSTANT_CONVERSION = YES;
				CLANG_WARN_DEPRECATED_OBJC_IMPLEMENTATIONS = YES;
				CLANG_WARN_DIRECT_OBJC_ISA_USAGE = YES_ERROR;
				CLANG_WARN_DOCUMENTATION_COMMENTS = YES;
				CLANG_WARN_EMPTY_BODY = YES;
				CLANG_WARN_ENUM_CONVERSION = YES;
				CLANG_WARN_INFINITE_RECURSION = YES;
				CLANG_WARN_INT_CONVERSION = YES;
				CLANG_WARN_NON_LITERAL_NULL_CONVERSION = YES;
				CLANG_WARN_OBJC_IMPLICIT_RETAIN_SELF = YES;
				CLANG_WARN_OBJC_LITERAL_CONVERSION = YES;
				CLANG_WARN_OBJC_ROOT_CLASS = YES_ERROR;
				CLANG_WARN_RANGE_LOOP_ANALYSIS = YES;
				CLANG_WARN_STRICT_PROTOTYPES = YES;
				CLANG_WARN_SUSPICIOUS_MOVE = YES;
				CLANG_WARN_UNGUARDED_AVAILABILITY = YES_AGGRESSIVE;
				CLANG_WARN_UNREACHABLE_CODE = YES;
				CLANG_WARN__DUPLICATE_METHOD_MATCH = YES;
				COPY_PHASE_STRIP = NO;
				DEBUG_INFORMATION_FORMAT = dwarf;
				ENABLE_STRICT_OBJC_MSGSEND = YES;
				ENABLE_TESTABILITY = YES;
				GCC_C_LANGUAGE_STANDARD = gnu11;
				GCC_DYNAMIC_NO_PIC = NO;
				GCC_NO_COMMON_BLOCKS = YES;
				GCC_OPTIMIZATION_LEVEL = 0;
				GCC_PREPROCESSOR_DEFINITIONS = (
					"DEBUG=1",
					"$(inherited)",
				);
				GCC_WARN_64_TO_32_BIT_CONVERSION = YES;
				GCC_WARN_ABOUT_RETURN_TYPE = YES_ERROR;
				GCC_WARN_UNDECLARED_SELECTOR = YES;
				GCC_WARN_UNINITIALIZED_AUTOS = YES_AGGRESSIVE;
				GCC_WARN_UNUSED_FUNCTION = YES;
				GCC_WARN_UNUSED_VARIABLE = YES;
				IPHONEOS_DEPLOYMENT_TARGET = 13.2;
				MTL_ENABLE_DEBUG_INFO = INCLUDE_SOURCE;
				MTL_FAST_MATH = YES;
				ONLY_ACTIVE_ARCH = YES;
				SDKROOT = iphoneos;
				SWIFT_ACTIVE_COMPILATION_CONDITIONS = DEBUG;
				SWIFT_OPTIMIZATION_LEVEL = "-Onone";
			};
			name = Debug;
		};
		2211AB6A237EEAE90086C56F /* Release */ = {
			isa = XCBuildConfiguration;
			buildSettings = {
				ALWAYS_SEARCH_USER_PATHS = NO;
				CLANG_ANALYZER_NONNULL = YES;
				CLANG_ANALYZER_NUMBER_OBJECT_CONVERSION = YES_AGGRESSIVE;
				CLANG_CXX_LANGUAGE_STANDARD = "gnu++14";
				CLANG_CXX_LIBRARY = "libc++";
				CLANG_ENABLE_MODULES = YES;
				CLANG_ENABLE_OBJC_ARC = YES;
				CLANG_ENABLE_OBJC_WEAK = YES;
				CLANG_WARN_BLOCK_CAPTURE_AUTORELEASING = YES;
				CLANG_WARN_BOOL_CONVERSION = YES;
				CLANG_WARN_COMMA = YES;
				CLANG_WARN_CONSTANT_CONVERSION = YES;
				CLANG_WARN_DEPRECATED_OBJC_IMPLEMENTATIONS = YES;
				CLANG_WARN_DIRECT_OBJC_ISA_USAGE = YES_ERROR;
				CLANG_WARN_DOCUMENTATION_COMMENTS = YES;
				CLANG_WARN_EMPTY_BODY = YES;
				CLANG_WARN_ENUM_CONVERSION = YES;
				CLANG_WARN_INFINITE_RECURSION = YES;
				CLANG_WARN_INT_CONVERSION = YES;
				CLANG_WARN_NON_LITERAL_NULL_CONVERSION = YES;
				CLANG_WARN_OBJC_IMPLICIT_RETAIN_SELF = YES;
				CLANG_WARN_OBJC_LITERAL_CONVERSION = YES;
				CLANG_WARN_OBJC_ROOT_CLASS = YES_ERROR;
				CLANG_WARN_RANGE_LOOP_ANALYSIS = YES;
				CLANG_WARN_STRICT_PROTOTYPES = YES;
				CLANG_WARN_SUSPICIOUS_MOVE = YES;
				CLANG_WARN_UNGUARDED_AVAILABILITY = YES_AGGRESSIVE;
				CLANG_WARN_UNREACHABLE_CODE = YES;
				CLANG_WARN__DUPLICATE_METHOD_MATCH = YES;
				COPY_PHASE_STRIP = NO;
				DEBUG_INFORMATION_FORMAT = "dwarf-with-dsym";
				ENABLE_NS_ASSERTIONS = NO;
				ENABLE_STRICT_OBJC_MSGSEND = YES;
				GCC_C_LANGUAGE_STANDARD = gnu11;
				GCC_NO_COMMON_BLOCKS = YES;
				GCC_WARN_64_TO_32_BIT_CONVERSION = YES;
				GCC_WARN_ABOUT_RETURN_TYPE = YES_ERROR;
				GCC_WARN_UNDECLARED_SELECTOR = YES;
				GCC_WARN_UNINITIALIZED_AUTOS = YES_AGGRESSIVE;
				GCC_WARN_UNUSED_FUNCTION = YES;
				GCC_WARN_UNUSED_VARIABLE = YES;
				IPHONEOS_DEPLOYMENT_TARGET = 13.2;
				MTL_ENABLE_DEBUG_INFO = NO;
				MTL_FAST_MATH = YES;
				SDKROOT = iphoneos;
				SWIFT_COMPILATION_MODE = wholemodule;
				SWIFT_OPTIMIZATION_LEVEL = "-O";
				VALIDATE_PRODUCT = YES;
			};
			name = Release;
		};
		2211AB6C237EEAE90086C56F /* Debug */ = {
			isa = XCBuildConfiguration;
			baseConfigurationReference = 05479D542331190392FC0603 /* Pods-BookShelf.debug.xcconfig */;
			buildSettings = {
				ASSETCATALOG_COMPILER_APPICON_NAME = AppIcon;
				CODE_SIGN_STYLE = Automatic;
				DEVELOPMENT_ASSET_PATHS = "\"BookShelf/Preview Content\"";
				DEVELOPMENT_TEAM = 8278Q64QFC;
				ENABLE_PREVIEWS = YES;
				INFOPLIST_FILE = BookShelf/Info.plist;
				LD_RUNPATH_SEARCH_PATHS = (
					"$(inherited)",
					"@executable_path/Frameworks",
				);
				PRODUCT_BUNDLE_IDENTIFIER = com.sendbird.proejct.BookShelf;
				PRODUCT_NAME = "$(TARGET_NAME)";
				SWIFT_VERSION = 5.0;
				TARGETED_DEVICE_FAMILY = "1,2";
			};
			name = Debug;
		};
		2211AB6D237EEAE90086C56F /* Release */ = {
			isa = XCBuildConfiguration;
			baseConfigurationReference = 634C03443C53EF25F65BAE8A /* Pods-BookShelf.release.xcconfig */;
			buildSettings = {
				ASSETCATALOG_COMPILER_APPICON_NAME = AppIcon;
				CODE_SIGN_STYLE = Automatic;
				DEVELOPMENT_ASSET_PATHS = "\"BookShelf/Preview Content\"";
				DEVELOPMENT_TEAM = 8278Q64QFC;
				ENABLE_PREVIEWS = YES;
				INFOPLIST_FILE = BookShelf/Info.plist;
				LD_RUNPATH_SEARCH_PATHS = (
					"$(inherited)",
					"@executable_path/Frameworks",
				);
				PRODUCT_BUNDLE_IDENTIFIER = com.sendbird.proejct.BookShelf;
				PRODUCT_NAME = "$(TARGET_NAME)";
				SWIFT_VERSION = 5.0;
				TARGETED_DEVICE_FAMILY = "1,2";
			};
			name = Release;
		};
		2211AB6F237EEAE90086C56F /* Debug */ = {
			isa = XCBuildConfiguration;
			baseConfigurationReference = 617E638418E114BB1CF7DC22 /* Pods-BookShelfTests.debug.xcconfig */;
			buildSettings = {
				BUNDLE_LOADER = "$(TEST_HOST)";
				CODE_SIGN_STYLE = Automatic;
				DEVELOPMENT_TEAM = 8278Q64QFC;
				INFOPLIST_FILE = BookShelfTests/Info.plist;
				IPHONEOS_DEPLOYMENT_TARGET = 13.2;
				LD_RUNPATH_SEARCH_PATHS = (
					"$(inherited)",
					"@executable_path/Frameworks",
					"@loader_path/Frameworks",
				);
				PRODUCT_BUNDLE_IDENTIFIER = com.sendbird.proejct.BookShelfTests;
				PRODUCT_NAME = "$(TARGET_NAME)";
				SWIFT_VERSION = 5.0;
				TARGETED_DEVICE_FAMILY = "1,2";
				TEST_HOST = "$(BUILT_PRODUCTS_DIR)/BookShelf.app/BookShelf";
			};
			name = Debug;
		};
		2211AB70237EEAE90086C56F /* Release */ = {
			isa = XCBuildConfiguration;
			baseConfigurationReference = 083BA54C6C9980F7AD4F1EB4 /* Pods-BookShelfTests.release.xcconfig */;
			buildSettings = {
				BUNDLE_LOADER = "$(TEST_HOST)";
				CODE_SIGN_STYLE = Automatic;
				DEVELOPMENT_TEAM = 8278Q64QFC;
				INFOPLIST_FILE = BookShelfTests/Info.plist;
				IPHONEOS_DEPLOYMENT_TARGET = 13.2;
				LD_RUNPATH_SEARCH_PATHS = (
					"$(inherited)",
					"@executable_path/Frameworks",
					"@loader_path/Frameworks",
				);
				PRODUCT_BUNDLE_IDENTIFIER = com.sendbird.proejct.BookShelfTests;
				PRODUCT_NAME = "$(TARGET_NAME)";
				SWIFT_VERSION = 5.0;
				TARGETED_DEVICE_FAMILY = "1,2";
				TEST_HOST = "$(BUILT_PRODUCTS_DIR)/BookShelf.app/BookShelf";
			};
			name = Release;
		};
/* End XCBuildConfiguration section */

/* Begin XCConfigurationList section */
		2211AB47237EEAE80086C56F /* Build configuration list for PBXProject "BookShelf" */ = {
			isa = XCConfigurationList;
			buildConfigurations = (
				2211AB69237EEAE90086C56F /* Debug */,
				2211AB6A237EEAE90086C56F /* Release */,
			);
			defaultConfigurationIsVisible = 0;
			defaultConfigurationName = Release;
		};
		2211AB6B237EEAE90086C56F /* Build configuration list for PBXNativeTarget "BookShelf" */ = {
			isa = XCConfigurationList;
			buildConfigurations = (
				2211AB6C237EEAE90086C56F /* Debug */,
				2211AB6D237EEAE90086C56F /* Release */,
			);
			defaultConfigurationIsVisible = 0;
			defaultConfigurationName = Release;
		};
		2211AB6E237EEAE90086C56F /* Build configuration list for PBXNativeTarget "BookShelfTests" */ = {
			isa = XCConfigurationList;
			buildConfigurations = (
				2211AB6F237EEAE90086C56F /* Debug */,
				2211AB70237EEAE90086C56F /* Release */,
			);
			defaultConfigurationIsVisible = 0;
			defaultConfigurationName = Release;
		};
/* End XCConfigurationList section */
	};
	rootObject = 2211AB44237EEAE80086C56F /* Project object */;
}
